{
  "name": "2023",
  "lockfileVersion": 3,
  "requires": true,
  "packages": {
    "": {
      "name": "2023",
      "license": "MIT",
      "dependencies": {
        "@graph-algorithm/minimum-cut": "^2.0.0",
        "regenerator-runtime": "^0.14.1",
        "z3-solver": "^4.12.4"
      }
    },
    "node_modules/@data-structure/deque": {
      "version": "9.0.1",
      "resolved": "https://registry.npmjs.org/@data-structure/deque/-/deque-9.0.1.tgz",
      "integrity": "sha512-/LSOEPmWGZ10OiKfje06GNDM/fzbY1ZfXyvZKr+/a79ZTlGoTwsQW1uPvtmQDtBzs2h2VbPjHho4zNSP5YH0Zg==",
      "hasInstallScript": true,
      "dependencies": {
        "@failure-abstraction/error": "^6.0.1"
      }
    },
    "node_modules/@failure-abstraction/error": {
      "version": "6.0.1",
      "resolved": "https://registry.npmjs.org/@failure-abstraction/error/-/error-6.0.1.tgz",
      "integrity": "sha512-KvIHhvwfrgbUduQbk55WRDGL2XcXjDLwleId+pSnK7mUUIY7zMGMy3N+ouDcOFymme48tKDlarKsYj5mEEd3fg==",
      "hasInstallScript": true
    },
    "node_modules/@graph-algorithm/minimum-cut": {
      "version": "2.0.0",
      "resolved": "https://registry.npmjs.org/@graph-algorithm/minimum-cut/-/minimum-cut-2.0.0.tgz",
      "integrity": "sha512-FKCejPcMHfr2lM/lTIqT2Yuel97kL2rv4D9UjwHNyL9uB4vqU/cvBEBjCV0tOwKfhCkg5GuBDQqxfjELkOmY0A==",
      "hasInstallScript": true,
      "dependencies": {
        "@heap-data-structure/pairing-heap": "^4.0.0",
        "@iterable-iterator/list": "^1.0.1",
        "@iterable-iterator/map": "^1.0.1",
        "@iterable-iterator/reduce": "^1.0.1",
        "@iterable-iterator/slice": "^1.0.1",
        "@total-order/key": "^1.0.0",
        "@total-order/primitive": "^1.0.1"
      }
    },
    "node_modules/@heap-data-structure/pairing-heap": {
      "version": "4.0.0",
      "resolved": "https://registry.npmjs.org/@heap-data-structure/pairing-heap/-/pairing-heap-4.0.0.tgz",
      "integrity": "sha512-4wmedekJpr+gkktJ7VnmXTBvJWxvHmWtJT7uvS3cl7vzI4iDGaVVMPqdoWWIPZfaDkgd0kprb6XKBGaO7oFe5A==",
      "hasInstallScript": true
    },
    "node_modules/@iterable-iterator/consume": {
      "version": "1.0.1",
      "resolved": "https://registry.npmjs.org/@iterable-iterator/consume/-/consume-1.0.1.tgz",
      "integrity": "sha512-KVJufzV8/gOnYqrtO4CFdGZopJ5kkUBhzHcbU0iToOv5aTl0igxnsRzCaDSxUgO4q0mDbf9WEfjz4K39cl1iNA==",
      "hasInstallScript": true
    },
    "node_modules/@iterable-iterator/iter": {
      "version": "1.0.1",
      "resolved": "https://registry.npmjs.org/@iterable-iterator/iter/-/iter-1.0.1.tgz",
      "integrity": "sha512-/C/Ciq69we9C0wvqx0rOdnpXAoSW+UnyIV/ZQrUYDzmtguvUQ4HjiIPcU2Csdh705VS6TMkUhoaBHIGh44V3OA==",
      "hasInstallScript": true
    },
    "node_modules/@iterable-iterator/list": {
      "version": "1.0.1",
      "resolved": "https://registry.npmjs.org/@iterable-iterator/list/-/list-1.0.1.tgz",
      "integrity": "sha512-234a2cf0a0YhD1Ofb3F0xSjXDkqDK1xCiLnXoMUt/DWAt/odAvJToaxEFMemiKlAUvqF6E8MSi2v2UvlIOpBUA==",
      "hasInstallScript": true
    },
    "node_modules/@iterable-iterator/map": {
      "version": "1.0.1",
      "resolved": "https://registry.npmjs.org/@iterable-iterator/map/-/map-1.0.1.tgz",
      "integrity": "sha512-lUvX8/OCYRdof3eZii8ntJUvqW1MlL2ESkIcQj3cagajKVfBIBj058wE4ScrzQl6U2udMva/n2NwP70smdfZ+g==",
      "hasInstallScript": true
    },
    "node_modules/@iterable-iterator/reduce": {
      "version": "1.0.1",
      "resolved": "https://registry.npmjs.org/@iterable-iterator/reduce/-/reduce-1.0.1.tgz",
      "integrity": "sha512-/wwXupEhGb0cwVr4MDbuweD5tZ+wtd8fr8HkWwNre1lZn76Utu0um7nnhFpm9Mk3hifZzrH5dcKLhKB3VEuL/g==",
      "hasInstallScript": true,
      "dependencies": {
        "@iterable-iterator/iter": "^1.0.1"
      }
    },
    "node_modules/@iterable-iterator/slice": {
      "version": "1.0.2",
      "resolved": "https://registry.npmjs.org/@iterable-iterator/slice/-/slice-1.0.2.tgz",
      "integrity": "sha512-r6Z/RPZz4q8GAmqSDlHjTlHpFMDYmBlNQYZ4Rqp7xjn1ihsFVw+7WYH5ivPk11UbE/Inz1ZuBc01/vqT1F9U/g==",
      "hasInstallScript": true,
      "dependencies": {
        "@data-structure/deque": "^9.0.1",
        "@iterable-iterator/consume": "^1.0.1",
        "@iterable-iterator/iter": "^1.0.1"
      }
    },
    "node_modules/@total-order/key": {
      "version": "1.0.0",
      "resolved": "https://registry.npmjs.org/@total-order/key/-/key-1.0.0.tgz",
      "integrity": "sha512-IPrGrxeqP6Oe7b1hrjUzDIWqMiLZV1qmlugbburk4neQKNPyjvQD1WKl0cCNepA20bwS/HrCyCCbRHPAsFm2rA==",
      "hasInstallScript": true
    },
    "node_modules/@total-order/primitive": {
      "version": "1.0.1",
      "resolved": "https://registry.npmjs.org/@total-order/primitive/-/primitive-1.0.1.tgz",
      "integrity": "sha512-BXCXyXoQIpdwFkplPRTuxFB0I1GHHia4t22bLAEqjdk48DFwQMwSbHq1EdLA81X/eFC/b6RdVxG4Q+WEcfs0aA==",
      "hasInstallScript": true
    },
    "node_modules/async-mutex": {
      "version": "0.3.2",
      "resolved": "https://registry.npmjs.org/async-mutex/-/async-mutex-0.3.2.tgz",
      "integrity": "sha512-HuTK7E7MT7jZEh1P9GtRW9+aTWiDWWi9InbZ5hjxrnRa39KS4BW04+xLBhYNS2aXhHUIKZSw3gj4Pn1pj+qGAA==",
      "dependencies": {
        "tslib": "^2.3.1"
      }
    },
    "node_modules/regenerator-runtime": {
      "version": "0.14.1",
      "resolved": "https://registry.npmjs.org/regenerator-runtime/-/regenerator-runtime-0.14.1.tgz",
      "integrity": "sha512-dYnhHh0nJoMfnkZs6GmmhFknAGRrLznOu5nc9ML+EJxGvrx6H7teuevqVqCuPcPK//3eDrrjQhehXVx9cnkGdw=="
    },
    "node_modules/tslib": {
      "version": "2.6.2",
      "resolved": "https://registry.npmjs.org/tslib/-/tslib-2.6.2.tgz",
      "integrity": "sha512-AEYxH93jGFPn/a2iVAwW87VuUIkR1FVUKB77NwMF7nBTDkDrrT/Hpt/IrCJ0QXhW27jTBDcf5ZY7w6RiqTMw2Q=="
    },
    "node_modules/z3-solver": {
      "version": "4.12.4",
      "resolved": "https://registry.npmjs.org/z3-solver/-/z3-solver-4.12.4.tgz",
      "integrity": "sha512-B9ymul40bvtGSW0OQYfcYan1EhGm0JV/HgbO24JikIhuEOUv2+mdcOVd4V3q89UOx2mA0MOv+6d5msVF+/yJ6g==",
      "dependencies": {
        "async-mutex": "^0.3.2"
      },
      "engines": {
        "node": ">=16"
      }
    }
  }
}
